// !$*UTF8*$!
{
	archiveVersion = 1;
	classes = {
	};
	objectVersion = 46;
	objects = {

/* Begin PBXBuildFile section */
		1AD7FBF01E9A2681001A22BD /* AppDelegate.swift in Sources */ = {isa = PBXBuildFile; fileRef = 1AD7FBEF1E9A2681001A22BD /* AppDelegate.swift */; };
		1AD7FBF21E9A2681001A22BD /* ViewController.swift in Sources */ = {isa = PBXBuildFile; fileRef = 1AD7FBF11E9A2681001A22BD /* ViewController.swift */; };
		1AD7FBF51E9A2681001A22BD /* Main.storyboard in Resources */ = {isa = PBXBuildFile; fileRef = 1AD7FBF31E9A2681001A22BD /* Main.storyboard */; };
		1AD7FBF71E9A2681001A22BD /* Assets.xcassets in Resources */ = {isa = PBXBuildFile; fileRef = 1AD7FBF61E9A2681001A22BD /* Assets.xcassets */; };
		1AD7FBFA1E9A2681001A22BD /* LaunchScreen.storyboard in Resources */ = {isa = PBXBuildFile; fileRef = 1AD7FBF81E9A2681001A22BD /* LaunchScreen.storyboard */; };
		1AD7FC031E9A501C001A22BD /* CalculatorBrain.swift in Sources */ = {isa = PBXBuildFile; fileRef = 1AD7FC021E9A501C001A22BD /* CalculatorBrain.swift */; };
/* End PBXBuildFile section */

/* Begin PBXFileReference section */
		1AD7FBEC1E9A2681001A22BD /* Calculator.app */ = {isa = PBXFileReference; explicitFileType = wrapper.application; includeInIndex = 0; path = Calculator.app; sourceTree = BUILT_PRODUCTS_DIR; };
		1AD7FBEF1E9A2681001A22BD /* AppDelegate.swift */ = {isa = PBXFileReference; lastKnownFileType = sourcecode.swift; path = AppDelegate.swift; sourceTree = "<group>"; };
		1AD7FBF11E9A2681001A22BD /* ViewController.swift */ = {isa = PBXFileReference; lastKnownFileType = sourcecode.swift; path = ViewController.swift; sourceTree = "<group>"; };
		1AD7FBF41E9A2681001A22BD /* Base */ = {isa = PBXFileReference; lastKnownFileType = file.storyboard; name = Base; path = Base.lproj/Main.storyboard; sourceTree = "<group>"; };
		1AD7FBF61E9A2681001A22BD /* Assets.xcassets */ = {isa = PBXFileReference; lastKnownFileType = folder.assetcatalog; path = Assets.xcassets; sourceTree = "<group>"; };
		1AD7FBF91E9A2681001A22BD /* Base */ = {isa = PBXFileReference; lastKnownFileType = file.storyboard; name = Base; path = Base.lproj/LaunchScreen.storyboard; sourceTree = "<group>"; };
		1AD7FBFB1E9A2681001A22BD /* Info.plist */ = {isa = PBXFileReference; lastKnownFileType = text.plist.xml; path = Info.plist; sourceTree = "<group>"; };
		1AD7FC021E9A501C001A22BD /* CalculatorBrain.swift */ = {isa = PBXFileReference; fileEncoding = 4; lastKnownFileType = sourcecode.swift; path = CalculatorBrain.swift; sourceTree = "<group>"; };
/* End PBXFileReference section */

/* Begin PBXFrameworksBuildPhase section */
		1AD7FBE91E9A2681001A22BD /* Frameworks */ = {
			isa = PBXFrameworksBuildPhase;
			buildActionMask = 2147483647;
			files = (
			);
			runOnlyForDeploymentPostprocessing = 0;
		};
/* End PBXFrameworksBuildPhase section */

/* Begin PBXGroup section */
		1AD7FBE31E9A2681001A22BD = {
			isa = PBXGroup;
			children = (
				1AD7FBEE1E9A2681001A22BD /* Calculator */,
				1AD7FBED1E9A2681001A22BD /* Products */,
			);
			sourceTree = "<group>";
		};
		1AD7FBED1E9A2681001A22BD /* Products */ = {
			isa = PBXGroup;
			children = (
				1AD7FBEC1E9A2681001A22BD /* Calculator.app */,
			);
			name = Products;
			sourceTree = "<group>";
		};
		1AD7FBEE1E9A2681001A22BD /* Calculator */ = {
			isa = PBXGroup;
			children = (
				1AD7FC021E9A501C001A22BD /* CalculatorBrain.swift */,
				1AD7FC011E9A2824001A22BD /* Supporting Files */,
				1AD7FBF11E9A2681001A22BD /* ViewController.swift */,
				1AD7FBF31E9A2681001A22BD /* Main.storyboard */,
			);
			path = Calculator;
			sourceTree = "<group>";
		};
		1AD7FC011E9A2824001A22BD /* Supporting Files */ = {
			isa = PBXGroup;
			children = (
				1AD7FBEF1E9A2681001A22BD /* AppDelegate.swift */,
				1AD7FBF61E9A2681001A22BD /* Assets.xcassets */,
				1AD7FBF81E9A2681001A22BD /* LaunchScreen.storyboard */,
				1AD7FBFB1E9A2681001A22BD /* Info.plist */,
			);
			name = "Supporting Files";
			sourceTree = "<group>";
		};
/* End PBXGroup section */

/* Begin PBXNativeTarget section */
		1AD7FBEB1E9A2681001A22BD /* Calculator */ = {
			isa = PBXNativeTarget;
			buildConfigurationList = 1AD7FBFE1E9A2681001A22BD /* Build configuration list for PBXNativeTarget "Calculator" */;
			buildPhases = (
				1AD7FBE81E9A2681001A22BD /* Sources */,
				1AD7FBE91E9A2681001A22BD /* Frameworks */,
				1AD7FBEA1E9A2681001A22BD /* Resources */,
			);
			buildRules = (
			);
			dependencies = (
			);
			name = Calculator;
			productName = Calculator;
			productReference = 1AD7FBEC1E9A2681001A22BD /* Calculator.app */;
			productType = "com.apple.product-type.application";
		};
/* End PBXNativeTarget section */

/* Begin PBXProject section */
		1AD7FBE41E9A2681001A22BD /* Project object */ = {
			isa = PBXProject;
			attributes = {
				LastSwiftUpdateCheck = 0820;
				LastUpgradeCheck = 0820;
				ORGANIZATIONNAME = "Yamin Hameed";
				TargetAttributes = {
					1AD7FBEB1E9A2681001A22BD = {
						CreatedOnToolsVersion = 8.2.1;
						ProvisioningStyle = Automatic;
					};
				};
			};
			buildConfigurationList = 1AD7FBE71E9A2681001A22BD /* Build configuration list for PBXProject "Calculator" */;
			compatibilityVersion = "Xcode 3.2";
			developmentRegion = English;
			hasScannedForEncodings = 0;
			knownRegions = (
				en,
				Base,
			);
			mainGroup = 1AD7FBE31E9A2681001A22BD;
			productRefGroup = 1AD7FBED1E9A2681001A22BD /* Products */;
			projectDirPath = "";
			projectRoot = "";
			targets = (
				1AD7FBEB1E9A2681001A22BD /* Calculator */,
			);
		};
/* End PBXProject section */

/* Begin PBXResourcesBuildPhase section */
		1AD7FBEA1E9A2681001A22BD /* Resources */ = {
			isa = PBXResourcesBuildPhase;
			buildActionMask = 2147483647;
			files = (
				1AD7FBFA1E9A2681001A22BD /* LaunchScreen.storyboard in Resources */,
				1AD7FBF71E9A2681001A22BD /* Assets.xcassets in Resources */,
				1AD7FBF51E9A2681001A22BD /* Main.storyboard in Resources */,
			);
			runOnlyForDeploymentPostprocessing = 0;
		};
/* End PBXResourcesBuildPhase section */

/* Begin PBXSourcesBuildPhase section */
		1AD7FBE81E9A2681001A22BD /* Sources */ = {
			isa = PBXSourcesBuildPhase;
			buildActionMask = 2147483647;
			files = (
				1AD7FC031E9A501C001A22BD /* CalculatorBrain.swift in Sources */,
				1AD7FBF21E9A2681001A22BD /* ViewController.swift in Sources */,
				1AD7FBF01E9A2681001A22BD /* AppDelegate.swift in Sources */,
			);
			runOnlyForDeploymentPostprocessing = 0;
		};
/* End PBXSourcesBuildPhase section */

/* Begin PBXVariantGroup section */
		1AD7FBF31E9A2681001A22BD /* Main.storyboard */ = {
			isa = PBXVariantGroup;
			children = (
				1AD7FBF41E9A2681001A22BD /* Base */,
			);
			name = Main.storyboard;
			sourceTree = "<group>";
		};
		1AD7FBF81E9A2681001A22BD /* LaunchScreen.storyboard */ = {
			isa = PBXVariantGroup;
			children = (
				1AD7FBF91E9A2681001A22BD /* Base */,
			);
			name = LaunchScreen.storyboard;
			sourceTree = "<group>";
		};
/* End PBXVariantGroup section */

/* Begin XCBuildConfiguration section */
		1AD7FBFC1E9A2681001A22BD /* Debug */ = {
			isa = XCBuildConfiguration;
			buildSettings = {
				ALWAYS_SEARCH_USER_PATHS = NO;
				CLANG_ANALYZER_NONNULL = YES;
				CLANG_CXX_LANGUAGE_STANDARD = "gnu++0x";
				CLANG_CXX_LIBRARY = "libc++";
				CLANG_ENABLE_MODULES = YES;
				CLANG_ENABLE_OBJC_ARC = YES;
				CLANG_WARN_BOOL_CONVERSION = YES;
				CLANG_WARN_CONSTANT_CONVERSION = YES;
				CLANG_WARN_DIRECT_OBJC_ISA_USAGE = YES_ERROR;
				CLANG_WARN_DOCUMENTATION_COMMENTS = YES;
				CLANG_WARN_EMPTY_BODY = YES;
				CLANG_WARN_ENUM_CONVERSION = YES;
				CLANG_WARN_INFINITE_RECURSION = YES;
				CLANG_WARN_INT_CONVERSION = YES;
				CLANG_WARN_OBJC_ROOT_CLASS = YES_ERROR;
				CLANG_WARN_SUSPICIOUS_MOVE = YES;
				CLANG_WARN_UNREACHABLE_CODE = YES;
				CLANG_WARN__DUPLICATE_METHOD_MATCH = YES;
				"CODE_SIGN_IDENTITY[sdk=iphoneos*]" = "iPhone Developer";
				COPY_PHASE_STRIP = NO;
				DEBUG_INFORMATION_FORMAT = dwarf;
				ENABLE_STRICT_OBJC_MSGSEND = YES;
				ENABLE_TESTABILITY = YES;
				GCC_C_LANGUAGE_STANDARD = gnu99;
				GCC_DYNAMIC_NO_PIC = NO;
				GCC_NO_COMMON_BLOCKS = YES;
				GCC_OPTIMIZATION_LEVEL = 0;
				GCC_PREPROCESSOR_DEFINITIONS = (
					"DEBUG=1",
					"$(inherited)",
				);
				GCC_WARN_64_TO_32_BIT_CONVERSION = YES;
				GCC_WARN_ABOUT_RETURN_TYPE = YES_ERROR;
				GCC_WARN_UNDECLARED_SELECTOR = YES;
				GCC_WARN_UNINITIALIZED_AUTOS = YES_AGGRESSIVE;
				GCC_WARN_UNUSED_FUNCTION = YES;
				GCC_WARN_UNUSED_VARIABLE = YES;
				IPHONEOS_DEPLOYMENT_TARGET = 10.2;
				MTL_ENABLE_DEBUG_INFO = YES;
				ONLY_ACTIVE_ARCH = YES;
				SDKROOT = iphoneos;
				SWIFT_ACTIVE_COMPILATION_CONDITIONS = DEBUG;
				SWIFT_OPTIMIZATION_LEVEL = "-Onone";
				TARGETED_DEVICE_FAMILY = "1,2";
			};
			name = Debug;
		};
		1AD7FBFD1E9A2681001A22BD /* Release */ = {
			isa = XCBuildConfiguration;
			buildSettings = {
				ALWAYS_SEARCH_USER_PATHS = NO;
				CLANG_ANALYZER_NONNULL = YES;
				CLANG_CXX_LANGUAGE_STANDARD = "gnu++0x";
				CLANG_CXX_LIBRARY = "libc++";
				CLANG_ENABLE_MODULES = YES;
				CLANG_ENABLE_OBJC_ARC = YES;
				CLANG_WARN_BOOL_CONVERSION = YES;
				CLANG_WARN_CONSTANT_CONVERSION = YES;
				CLANG_WARN_DIRECT_OBJC_ISA_USAGE = YES_ERROR;
				CLANG_WARN_DOCUMENTATION_COMMENTS = YES;
				CLANG_WARN_EMPTY_BODY = YES;
				CLANG_WARN_ENUM_CONVERSION = YES;
				CLANG_WARN_INFINITE_RECURSION = YES;
				CLANG_WARN_INT_CONVERSION = YES;
				CLANG_WARN_OBJC_ROOT_CLASS = YES_ERROR;
				CLANG_WARN_SUSPICIOUS_MOVE = YES;
				CLANG_WARN_UNREACHABLE_CODE = YES;
				CLANG_WARN__DUPLICATE_METHOD_MATCH = YES;
				"CODE_SIGN_IDENTITY[sdk=iphoneos*]" = "iPhone Developer";
				COPY_PHASE_STRIP = NO;
				DEBUG_INFORMATION_FORMAT = "dwarf-with-dsym";
				ENABLE_NS_ASSERTIONS = NO;
				ENABLE_STRICT_OBJC_MSGSEND = YES;
				GCC_C_LANGUAGE_STANDARD = gnu99;
				GCC_NO_COMMON_BLOCKS = YES;
				GCC_WARN_64_TO_32_BIT_CONVERSION = YES;
				GCC_WARN_ABOUT_RETURN_TYPE = YES_ERROR;
				GCC_WARN_UNDECLARED_SELECTOR = YES;
				GCC_WARN_UNINITIALIZED_AUTOS = YES_AGGRESSIVE;
				GCC_WARN_UNUSED_FUNCTION = YES;
				GCC_WARN_UNUSED_VARIABLE = YES;
				IPHONEOS_DEPLOYMENT_TARGET = 10.2;
				MTL_ENABLE_DEBUG_INFO = NO;
				SDKROOT = iphoneos;
				SWIFT_OPTIMIZATION_LEVEL = "-Owholemodule";
				TARGETED_DEVICE_FAMILY = "1,2";
				VALIDATE_PRODUCT = YES;
			};
			name = Release;
		};
		1AD7FBFF1E9A2681001A22BD /* Debug */ = {
			isa = XCBuildConfiguration;
			buildSettings = {
				ASSETCATALOG_COMPILER_APPICON_NAME = AppIcon;
				INFOPLIST_FILE = Calculator/Info.plist;
				LD_RUNPATH_SEARCH_PATHS = "$(inherited) @executable_path/Frameworks";
				PRODUCT_BUNDLE_IDENTIFIER = as.Calculator;
				PRODUCT_NAME = "$(TARGET_NAME)";
				SWIFT_VERSION = 3.0;
			};
			name = Debug;
		};
		1AD7FC001E9A2681001A22BD /* Release */ = {
			isa = XCBuildConfiguration;
			buildSettings = {
				ASSETCATALOG_COMPILER_APPICON_NAME = AppIcon;
				INFOPLIST_FILE = Calculator/Info.plist;
				LD_RUNPATH_SEARCH_PATHS = "$(inherited) @executable_path/Frameworks";
				PRODUCT_BUNDLE_IDENTIFIER = as.Calculator;
				PRODUCT_NAME = "$(TARGET_NAME)";
				SWIFT_VERSION = 3.0;
			};
			name = Release;
		};
/* End XCBuildConfiguration section */

/* Begin XCConfigurationList section */
		1AD7FBE71E9A2681001A22BD /* Build configuration list for PBXProject "Calculator" */ = {
			isa = XCConfigurationList;
			buildConfigurations = (
				1AD7FBFC1E9A2681001A22BD /* Debug */,
				1AD7FBFD1E9A2681001A22BD /* Release */,
			);
			defaultConfigurationIsVisible = 0;
			defaultConfigurationName = Release;
		};
		1AD7FBFE1E9A2681001A22BD /* Build configuration list for PBXNativeTarget "Calculator" */ = {
			isa = XCConfigurationList;
			buildConfigurations = (
				1AD7FBFF1E9A2681001A22BD /* Debug */,
				1AD7FC001E9A2681001A22BD /* Release */,
			);
			defaultConfigurationIsVisible = 0;
		};
/* End XCConfigurationList section */
	};
	rootObject = 1AD7FBE41E9A2681001A22BD /* Project object */;
}
